
Microsoft Visual Studio Solution File, Format Version 12.00
# Visual Studio Version 17
VisualStudioVersion = 17.3.32929.385
MinimumVisualStudioVersion = 10.0.40219.1
Project("{FAE04EC0-301F-11D3-BF4B-00C04F79EFBC}") = "SampleApplication", "SampleApplication\SampleApplication.csproj", "{8BF5F83A-5159-486D-8265-9EF948A3ABA2}"
EndProject
Global
	GlobalSection(SolutionConfigurationPlatforms) = preSolution
		Debug|Any CPU = Debug|Any CPU
		Release|Any CPU = Release|Any CPU
	EndGlobalSection
	GlobalSection(ProjectConfigurationPlatforms) = postSolution
		{8BF5F83A-5159-486D-8265-9EF948A3ABA2}.Debug|Any CPU.ActiveCfg = Debug|Any CPU
		{8BF5F83A-5159-486D-8265-9EF948A3ABA2}.Debug|Any CPU.Build.0 = Debug|Any CPU
		{8BF5F83A-5159-486D-8265-9EF948A3ABA2}.Release|Any CPU.ActiveCfg = Release|Any CPU
		{8BF5F83A-5159-486D-8265-9EF948A3ABA2}.Release|Any CPU.Build.0 = Release|Any CPU
	EndGlobalSection
	GlobalSection(SolutionProperties) = preSolution
		HideSolutionNode = FALSE
	EndGlobalSection
	GlobalSection(ExtensibilityGlobals) = postSolution
		SolutionGuid = {FEF5B0C4-3294-4710-B021-65C1A9D39C69}
	EndGlobalSection
EndGlobal
