
Microsoft Visual Studio Solution File, Format Version 12.00
# Visual Studio Version 17
VisualStudioVersion = 17.3.32929.385
MinimumVisualStudioVersion = 10.0.40219.1
Project("{FAE04EC0-301F-11D3-BF4B-00C04F79EFBC}") = "BethanysPies", "BethanysPies\BethanysPies.csproj", "{BB41E45D-EDF6-481F-9062-8F5B818CC4A2}"
EndProject
Global
	GlobalSection(SolutionConfigurationPlatforms) = preSolution
		Debug|Any CPU = Debug|Any CPU
		Release|Any CPU = Release|Any CPU
	EndGlobalSection
	GlobalSection(ProjectConfigurationPlatforms) = postSolution
		{BB41E45D-EDF6-481F-9062-8F5B818CC4A2}.Debug|Any CPU.ActiveCfg = Debug|Any CPU
		{BB41E45D-EDF6-481F-9062-8F5B818CC4A2}.Debug|Any CPU.Build.0 = Debug|Any CPU
		{BB41E45D-EDF6-481F-9062-8F5B818CC4A2}.Release|Any CPU.ActiveCfg = Release|Any CPU
		{BB41E45D-EDF6-481F-9062-8F5B818CC4A2}.Release|Any CPU.Build.0 = Release|Any CPU
	EndGlobalSection
	GlobalSection(SolutionProperties) = preSolution
		HideSolutionNode = FALSE
	EndGlobalSection
	GlobalSection(ExtensibilityGlobals) = postSolution
		SolutionGuid = {63BF5E60-1865-4AC0-B769-D8286AFB885A}
	EndGlobalSection
EndGlobal
