
Microsoft Visual Studio Solution File, Format Version 12.00
# Visual Studio Version 17
VisualStudioVersion = 17.3.32929.385
MinimumVisualStudioVersion = 10.0.40219.1
Project("{FAE04EC0-301F-11D3-BF4B-00C04F79EFBC}") = "WordUnscrambler", "WordUnscrambler\WordUnscrambler.csproj", "{A9559D86-BABC-48C3-80E6-B8985D46E8BD}"
EndProject
Global
	GlobalSection(SolutionConfigurationPlatforms) = preSolution
		Debug|Any CPU = Debug|Any CPU
		Release|Any CPU = Release|Any CPU
	EndGlobalSection
	GlobalSection(ProjectConfigurationPlatforms) = postSolution
		{A9559D86-BABC-48C3-80E6-B8985D46E8BD}.Debug|Any CPU.ActiveCfg = Debug|Any CPU
		{A9559D86-BABC-48C3-80E6-B8985D46E8BD}.Debug|Any CPU.Build.0 = Debug|Any CPU
		{A9559D86-BABC-48C3-80E6-B8985D46E8BD}.Release|Any CPU.ActiveCfg = Release|Any CPU
		{A9559D86-BABC-48C3-80E6-B8985D46E8BD}.Release|Any CPU.Build.0 = Release|Any CPU
	EndGlobalSection
	GlobalSection(SolutionProperties) = preSolution
		HideSolutionNode = FALSE
	EndGlobalSection
	GlobalSection(ExtensibilityGlobals) = postSolution
		SolutionGuid = {E6F75BDB-82D3-4FD5-B9B3-745D3143332F}
	EndGlobalSection
EndGlobal
